Microsoft Visual Studio Solution File, Format Version 12.00
# Visual Studio Version 17
VisualStudioVersion = 17.5.2.0
MinimumVisualStudioVersion = 10.0.40219.1
Project("{FAE04EC0-301F-11D3-BF4B-00C04F79EFBC}") = "HimFoster", "HimFoster.csproj", "{782431A3-E9C8-DA73-54C6-7455159E575D}"
EndProject
Global
	GlobalSection(SolutionConfigurationPlatforms) = preSolution
		Debug|Any CPU = Debug|Any CPU
		Release|Any CPU = Release|Any CPU
	EndGlobalSection
	GlobalSection(ProjectConfigurationPlatforms) = postSolution
		{782431A3-E9C8-DA73-54C6-7455159E575D}.Debug|Any CPU.ActiveCfg = Debug|Any CPU
		{782431A3-E9C8-DA73-54C6-7455159E575D}.Debug|Any CPU.Build.0 = Debug|Any CPU
		{782431A3-E9C8-DA73-54C6-7455159E575D}.Release|Any CPU.ActiveCfg = Release|Any CPU
		{782431A3-E9C8-DA73-54C6-7455159E575D}.Release|Any CPU.Build.0 = Release|Any CPU
	EndGlobalSection
	GlobalSection(SolutionProperties) = preSolution
		HideSolutionNode = FALSE
	EndGlobalSection
	GlobalSection(ExtensibilityGlobals) = postSolution
		SolutionGuid = {581B3AA7-60BE-4829-9462-2411786F9ADD}
	EndGlobalSection
EndGlobal
